{
  "name": "hj-shared-test-runtimes",
  "version": "0.0.0",
  "lockfileVersion": 3,
  "requires": true,
  "packages": {
    "": {
      "name": "hj-shared-test-runtimes",
      "version": "0.0.0",
      "dependencies": {
        "@oven/bun-linux-x64": "1.4.2",
        "node24": "npm:node-linux-x64@24.21.0",
        "node26": "npm:node-linux-x64@26.2.0"
      }
    },
    "node_modules/@oven/bun-linux-x64": {
      "version": "1.4.2",
      "resolved": "https://registry.npmjs.org/@oven/bun-linux-x64/-/bun-linux-x64-1.4.2.tgz",
      "integrity": "sha512-9/E/UXOTpSo3YsV5g+FhtTd/qTpiWoKuxS12cqtuYA1ssu9fRAoPQnipFgGyck3tWO63iUdxBiygq+kELFawng==",
      "cpu": [
        "x64"
      ],
      "libc": [
        "glibc"
      ],
      "license": "MIT",
      "os": [
        "linux"
      ]
    },
    "node_modules/node24": {
      "name": "node-linux-x64",
      "version": "24.21.0",
      "resolved": "https://registry.npmjs.org/node-linux-x64/-/node-linux-x64-24.21.0.tgz",
      "integrity": "sha512-3nULszZ5X0fciYpG0t6TrdApJzAn8+FlINP6OiMX7V8HrvpATPN936U1LlReOJriLRa4e8yEqQBYCnLyPNAs7Q==",
      "cpu": "x64",
      "license": "MIT",
      "os": "linux",
      "bin": {
        "node": "bin/node"
      }
    },
    "node_modules/node26": {
      "name": "node-linux-x64",
      "version": "26.2.0",
      "resolved": "https://registry.npmjs.org/node-linux-x64/-/node-linux-x64-26.2.0.tgz",
      "integrity": "sha512-V8O+izDjhUXNSmbeZHVc0xWlypbEkKei+AJvkoRjDU+drA1VnBFujqEfTxl0B71idTUhI/uy9DSt8Ha6q3cusg==",
      "cpu": "x64",
      "license": "MIT",
      "os": "linux",
      "bin": {
        "node": "bin/node"
      }
    }
  }
}
