{
  "name": "hj-runtime-packaging-fixture",
  "version": "0.0.0",
  "lockfileVersion": 3,
  "requires": true,
  "packages": {
    "": {
      "name": "hj-runtime-packaging-fixture",
      "version": "0.0.0",
      "bundleDependencies": [
        "@jsr/std__path"
      ],
      "license": "MIT",
      "dependencies": {
        "@jsr/std__path": "1.1.6"
      },
      "bin": {
        "hj-runtime-packaging-fixture": "bin/probe.mjs"
      }
    },
    "node_modules/@jsr/std__internal": {
      "version": "1.0.14",
      "resolved": "https://npm.jsr.io/~/11/@jsr/std__internal/1.0.14.tgz",
      "integrity": "sha512-JT8b/t40WcR9q0GDwRZUooY7aXeXnFal8iidE/5TckdAFtvpVAsaJ71/Xgf1SfoChs41s6CZkuCYM8toaNgdvA==",
      "inBundle": true
    },
    "node_modules/@jsr/std__path": {
      "version": "1.1.6",
      "resolved": "https://npm.jsr.io/~/11/@jsr/std__path/1.1.6.tgz",
      "integrity": "sha512-H1Cmg6z8jFyIsQbVV+vZB4eOx4k6Qg8lyUM6l7nZysj5MZumg89kb0M1bsPBTGQis3fw6mJFkJELo5+AK6oCFA==",
      "inBundle": true,
      "dependencies": {
        "@jsr/std__internal": "^1.0.14"
      }
    }
  }
}
